{
  "requires": true,
  "lockfileVersion": 1,
  "dependencies": {
    "@tensorflow-models/posenet": {
      "version": "2.2.2",
      "resolved": "https://registry.npmjs.org/@tensorflow-models/posenet/-/posenet-2.2.2.tgz",
      "integrity": "sha512-0SXIksRet/IdX7WVH+JSD6W3upkGHix1hwtd3xykIoIMGR7zQ4SC5+wZcNt9ofASyxNYQoI+tUULUo4LNw0c3w=="
    },
    "@types/node": {
      "version": "14.14.35",
      "resolved": "https://registry.npmjs.org/@types/node/-/node-14.14.35.tgz",
      "integrity": "sha512-Lt+wj8NVPx0zUmUwumiVXapmaLUcAk3yPuHCFVXras9k5VT9TdhJqKqGVUQCD60OTMCl0qxJ57OiTL0Mic3Iag=="
    },
    "array-to-txt-file": {
      "version": "1.0.2",
      "resolved": "https://registry.npmjs.org/array-to-txt-file/-/array-to-txt-file-1.0.2.tgz",
      "integrity": "sha1-siZkS5V15fDLnae6Li7SMm+FhS8=",
      "requires": {
        "lodash": "^4.17.2"
      }
    },
    "lodash": {
      "version": "4.17.21",
      "resolved": "https://registry.npmjs.org/lodash/-/lodash-4.17.21.tgz",
      "integrity": "sha512-v2kDEe57lecTulaDIuNTPy3Ry4gLGJ6Z1O3vE1krgXZNrsQ+LFTGHVxVjcXPs17LhbZVGedAJv8XZ1tvj5FvSg=="
    },
    "posenet-similarity": {
      "version": "0.4.8",
      "resolved": "https://registry.npmjs.org/posenet-similarity/-/posenet-similarity-0.4.8.tgz",
      "integrity": "sha512-gr82uIrGoOrJadzgAnAWBvlTr0pNLydhLif7GDMYiv+p38/BcNzt/ouvuH0OdZNFa5wmEeEeuMIq7ZFzxtn5Lw=="
    }
  }
}
